
Microsoft Visual Studio Solution File, Format Version 12.00
# Visual Studio 15
VisualStudioVersion = 15.0.27428.2015
MinimumVisualStudioVersion = 10.0.40219.1
Project("{9A19103F-16F7-4668-BE54-9A1E7A4F7556}") = "TelloSharp", "TelloSharp\TelloSharp.csproj", "{04F31800-4A5D-4409-AE63-7F0CD16B5212}"
EndProject
Project("{FAE04EC0-301F-11D3-BF4B-00C04F79EFBC}") = "TelloSharp.UnitTests", "TelloSharp.UnitTests\TelloSharp.UnitTests.csproj", "{7FEE55DF-B1A4-438F-BC5E-C4995086949F}"
EndProject
Global
	GlobalSection(SolutionConfigurationPlatforms) = preSolution
		Debug|Any CPU = Debug|Any CPU
		Release|Any CPU = Release|Any CPU
	EndGlobalSection
	GlobalSection(ProjectConfigurationPlatforms) = postSolution
		{04F31800-4A5D-4409-AE63-7F0CD16B5212}.Debug|Any CPU.ActiveCfg = Debug|Any CPU
		{04F31800-4A5D-4409-AE63-7F0CD16B5212}.Debug|Any CPU.Build.0 = Debug|Any CPU
		{04F31800-4A5D-4409-AE63-7F0CD16B5212}.Release|Any CPU.ActiveCfg = Release|Any CPU
		{04F31800-4A5D-4409-AE63-7F0CD16B5212}.Release|Any CPU.Build.0 = Release|Any CPU
		{7FEE55DF-B1A4-438F-BC5E-C4995086949F}.Debug|Any CPU.ActiveCfg = Debug|Any CPU
		{7FEE55DF-B1A4-438F-BC5E-C4995086949F}.Debug|Any CPU.Build.0 = Debug|Any CPU
		{7FEE55DF-B1A4-438F-BC5E-C4995086949F}.Release|Any CPU.ActiveCfg = Release|Any CPU
		{7FEE55DF-B1A4-438F-BC5E-C4995086949F}.Release|Any CPU.Build.0 = Release|Any CPU
	EndGlobalSection
	GlobalSection(SolutionProperties) = preSolution
		HideSolutionNode = FALSE
	EndGlobalSection
	GlobalSection(ExtensibilityGlobals) = postSolution
		SolutionGuid = {8EF64496-A18B-4434-8ED0-6E7A13A44BA6}
	EndGlobalSection
EndGlobal
